
Microsoft Visual Studio Solution File, Format Version 12.00
# Visual Studio Version 16
VisualStudioVersion = 16.0.31112.23
MinimumVisualStudioVersion = 10.0.40219.1
Project("{2150E333-8FDC-42A3-9474-1A3956D46DE8}") = "Services", "Services", "{D567F1AC-2DD0-4FDD-8196-06A65EA6B2C2}"
EndProject
Project("{2150E333-8FDC-42A3-9474-1A3956D46DE8}") = "Catalog", "Catalog", "{A51ACF05-4331-40B3-923D-CFB9C2056969}"
EndProject
Project("{FAE04EC0-301F-11D3-BF4B-00C04F79EFBC}") = "Catalog.API", "Services\Catalog\Catalog.API\Catalog.API.csproj", "{AE043617-C5A0-49CF-A8A3-62DF53EA5AA5}"
EndProject
Global
	GlobalSection(SolutionConfigurationPlatforms) = preSolution
		Debug|Any CPU = Debug|Any CPU
		Release|Any CPU = Release|Any CPU
	EndGlobalSection
	GlobalSection(ProjectConfigurationPlatforms) = postSolution
		{AE043617-C5A0-49CF-A8A3-62DF53EA5AA5}.Debug|Any CPU.ActiveCfg = Debug|Any CPU
		{AE043617-C5A0-49CF-A8A3-62DF53EA5AA5}.Debug|Any CPU.Build.0 = Debug|Any CPU
		{AE043617-C5A0-49CF-A8A3-62DF53EA5AA5}.Release|Any CPU.ActiveCfg = Release|Any CPU
		{AE043617-C5A0-49CF-A8A3-62DF53EA5AA5}.Release|Any CPU.Build.0 = Release|Any CPU
	EndGlobalSection
	GlobalSection(SolutionProperties) = preSolution
		HideSolutionNode = FALSE
	EndGlobalSection
	GlobalSection(NestedProjects) = preSolution
		{A51ACF05-4331-40B3-923D-CFB9C2056969} = {D567F1AC-2DD0-4FDD-8196-06A65EA6B2C2}
		{AE043617-C5A0-49CF-A8A3-62DF53EA5AA5} = {A51ACF05-4331-40B3-923D-CFB9C2056969}
	EndGlobalSection
	GlobalSection(ExtensibilityGlobals) = postSolution
		SolutionGuid = {3624A3F3-F04B-4553-B777-CA77BB6CB373}
	EndGlobalSection
EndGlobal
