
Microsoft Visual Studio Solution File, Format Version 12.00
# Visual Studio Version 16
VisualStudioVersion = 16.0.31112.23
MinimumVisualStudioVersion = 10.0.40219.1
Project("{2150E333-8FDC-42A3-9474-1A3956D46DE8}") = "Services", "Services", "{D567F1AC-2DD0-4FDD-8196-06A65EA6B2C2}"
EndProject
Project("{2150E333-8FDC-42A3-9474-1A3956D46DE8}") = "Catalog", "Catalog", "{A51ACF05-4331-40B3-923D-CFB9C2056969}"
EndProject
Project("{9A19103F-16F7-4668-BE54-9A1E7A4F7556}") = "Catalog.API", "Services\Catalog\Catalog.API\Catalog.API.csproj", "{AE043617-C5A0-49CF-A8A3-62DF53EA5AA5}"
EndProject
Project("{E53339B2-1760-4266-BCC7-CA923CBCF16C}") = "docker-compose", "docker-compose.dcproj", "{578BE88F-D107-45A3-B9A4-0301EAC7FE64}"
EndProject
Project("{2150E333-8FDC-42A3-9474-1A3956D46DE8}") = "Basket", "Basket", "{CA883BD2-71FF-4D42-BBB0-E071D6B2D986}"
EndProject
Project("{9A19103F-16F7-4668-BE54-9A1E7A4F7556}") = "Basket.API", "Services\Basket\Basket.API\Basket.API.csproj", "{186C8140-BD72-462E-A846-A03C06E60098}"
EndProject
Project("{2150E333-8FDC-42A3-9474-1A3956D46DE8}") = "Discount", "Discount", "{42A093F1-D865-41C6-9D26-4CB2707A04DD}"
EndProject
Project("{9A19103F-16F7-4668-BE54-9A1E7A4F7556}") = "Discount.API", "Services\Discount\Discount.API\Discount.API.csproj", "{AEE14D44-A3EC-46D8-B0FF-D5F5784E7316}"
EndProject
Project("{9A19103F-16F7-4668-BE54-9A1E7A4F7556}") = "Discount.Grpc", "Services\Discount\Discount.Grpc\Discount.Grpc.csproj", "{01DC57E8-08EF-496E-BD97-2AA5C4FD5199}"
EndProject
Global
	GlobalSection(SolutionConfigurationPlatforms) = preSolution
		Debug|Any CPU = Debug|Any CPU
		Release|Any CPU = Release|Any CPU
	EndGlobalSection
	GlobalSection(ProjectConfigurationPlatforms) = postSolution
		{AE043617-C5A0-49CF-A8A3-62DF53EA5AA5}.Debug|Any CPU.ActiveCfg = Debug|Any CPU
		{AE043617-C5A0-49CF-A8A3-62DF53EA5AA5}.Debug|Any CPU.Build.0 = Debug|Any CPU
		{AE043617-C5A0-49CF-A8A3-62DF53EA5AA5}.Release|Any CPU.ActiveCfg = Release|Any CPU
		{AE043617-C5A0-49CF-A8A3-62DF53EA5AA5}.Release|Any CPU.Build.0 = Release|Any CPU
		{578BE88F-D107-45A3-B9A4-0301EAC7FE64}.Debug|Any CPU.ActiveCfg = Debug|Any CPU
		{578BE88F-D107-45A3-B9A4-0301EAC7FE64}.Debug|Any CPU.Build.0 = Debug|Any CPU
		{578BE88F-D107-45A3-B9A4-0301EAC7FE64}.Release|Any CPU.ActiveCfg = Release|Any CPU
		{578BE88F-D107-45A3-B9A4-0301EAC7FE64}.Release|Any CPU.Build.0 = Release|Any CPU
		{186C8140-BD72-462E-A846-A03C06E60098}.Debug|Any CPU.ActiveCfg = Debug|Any CPU
		{186C8140-BD72-462E-A846-A03C06E60098}.Debug|Any CPU.Build.0 = Debug|Any CPU
		{186C8140-BD72-462E-A846-A03C06E60098}.Release|Any CPU.ActiveCfg = Release|Any CPU
		{186C8140-BD72-462E-A846-A03C06E60098}.Release|Any CPU.Build.0 = Release|Any CPU
		{AEE14D44-A3EC-46D8-B0FF-D5F5784E7316}.Debug|Any CPU.ActiveCfg = Debug|Any CPU
		{AEE14D44-A3EC-46D8-B0FF-D5F5784E7316}.Debug|Any CPU.Build.0 = Debug|Any CPU
		{AEE14D44-A3EC-46D8-B0FF-D5F5784E7316}.Release|Any CPU.ActiveCfg = Release|Any CPU
		{AEE14D44-A3EC-46D8-B0FF-D5F5784E7316}.Release|Any CPU.Build.0 = Release|Any CPU
		{01DC57E8-08EF-496E-BD97-2AA5C4FD5199}.Debug|Any CPU.ActiveCfg = Debug|Any CPU
		{01DC57E8-08EF-496E-BD97-2AA5C4FD5199}.Debug|Any CPU.Build.0 = Debug|Any CPU
		{01DC57E8-08EF-496E-BD97-2AA5C4FD5199}.Release|Any CPU.ActiveCfg = Release|Any CPU
		{01DC57E8-08EF-496E-BD97-2AA5C4FD5199}.Release|Any CPU.Build.0 = Release|Any CPU
	EndGlobalSection
	GlobalSection(SolutionProperties) = preSolution
		HideSolutionNode = FALSE
	EndGlobalSection
	GlobalSection(NestedProjects) = preSolution
		{A51ACF05-4331-40B3-923D-CFB9C2056969} = {D567F1AC-2DD0-4FDD-8196-06A65EA6B2C2}
		{AE043617-C5A0-49CF-A8A3-62DF53EA5AA5} = {A51ACF05-4331-40B3-923D-CFB9C2056969}
		{CA883BD2-71FF-4D42-BBB0-E071D6B2D986} = {D567F1AC-2DD0-4FDD-8196-06A65EA6B2C2}
		{186C8140-BD72-462E-A846-A03C06E60098} = {CA883BD2-71FF-4D42-BBB0-E071D6B2D986}
		{42A093F1-D865-41C6-9D26-4CB2707A04DD} = {D567F1AC-2DD0-4FDD-8196-06A65EA6B2C2}
		{AEE14D44-A3EC-46D8-B0FF-D5F5784E7316} = {42A093F1-D865-41C6-9D26-4CB2707A04DD}
		{01DC57E8-08EF-496E-BD97-2AA5C4FD5199} = {42A093F1-D865-41C6-9D26-4CB2707A04DD}
	EndGlobalSection
	GlobalSection(ExtensibilityGlobals) = postSolution
		SolutionGuid = {3624A3F3-F04B-4553-B777-CA77BB6CB373}
	EndGlobalSection
EndGlobal
